// !$*UTF8*$!
{
	archiveVersion = 1;
	classes = {
	};
	objectVersion = 46;
	objects = {

/* Begin PBXBuildFile section */
		CE0809C01C0367AE00E427F4 /* AppDelegate.swift in Sources */ = {isa = PBXBuildFile; fileRef = CE0809BF1C0367AE00E427F4 /* AppDelegate.swift */; };
		CE0809C21C0367AE00E427F4 /* TravelLocationsMapViewController.swift in Sources */ = {isa = PBXBuildFile; fileRef = CE0809C11C0367AE00E427F4 /* TravelLocationsMapViewController.swift */; };
		CE0809C51C0367AE00E427F4 /* Main.storyboard in Resources */ = {isa = PBXBuildFile; fileRef = CE0809C31C0367AE00E427F4 /* Main.storyboard */; };
		CE0809C81C0367AE00E427F4 /* VirtualTourist.xcdatamodeld in Sources */ = {isa = PBXBuildFile; fileRef = CE0809C61C0367AE00E427F4 /* VirtualTourist.xcdatamodeld */; };
		CE0809CA1C0367AE00E427F4 /* Assets.xcassets in Resources */ = {isa = PBXBuildFile; fileRef = CE0809C91C0367AE00E427F4 /* Assets.xcassets */; };
		CE0809CD1C0367AE00E427F4 /* LaunchScreen.storyboard in Resources */ = {isa = PBXBuildFile; fileRef = CE0809CB1C0367AE00E427F4 /* LaunchScreen.storyboard */; };
		CE0809D81C0367AE00E427F4 /* VirtualTouristTests.swift in Sources */ = {isa = PBXBuildFile; fileRef = CE0809D71C0367AE00E427F4 /* VirtualTouristTests.swift */; };
		CE0809E31C0367AF00E427F4 /* VirtualTouristUITests.swift in Sources */ = {isa = PBXBuildFile; fileRef = CE0809E21C0367AF00E427F4 /* VirtualTouristUITests.swift */; };
		CE0809F11C036CF100E427F4 /* PhotoAlbumViewContoller.swift in Sources */ = {isa = PBXBuildFile; fileRef = CE0809F01C036CF100E427F4 /* PhotoAlbumViewContoller.swift */; };
		CE0809F31C0B168200E427F4 /* WebClient.swift in Sources */ = {isa = PBXBuildFile; fileRef = CE0809F21C0B168200E427F4 /* WebClient.swift */; };
		CE0809F51C0B177500E427F4 /* FlickrClient.swift in Sources */ = {isa = PBXBuildFile; fileRef = CE0809F41C0B177500E427F4 /* FlickrClient.swift */; };
		CE0809F71C0B237E00E427F4 /* TestingHelper.swift in Sources */ = {isa = PBXBuildFile; fileRef = CE0809F61C0B237E00E427F4 /* TestingHelper.swift */; };
		CE0809F91C0B33C100E427F4 /* PhotoCollectionViewCell.swift in Sources */ = {isa = PBXBuildFile; fileRef = CE0809F81C0B33C100E427F4 /* PhotoCollectionViewCell.swift */; };
		CE1455AA1C0B707E00309B49 /* Pin.swift in Sources */ = {isa = PBXBuildFile; fileRef = CE1455A91C0B707E00309B49 /* Pin.swift */; };
		CE1455AC1C0B70AD00309B49 /* Photo.swift in Sources */ = {isa = PBXBuildFile; fileRef = CE1455AB1C0B70AD00309B49 /* Photo.swift */; };
		CE1455AE1C0B7B9100309B49 /* CoreDataStackManager.swift in Sources */ = {isa = PBXBuildFile; fileRef = CE1455AD1C0B7B9100309B49 /* CoreDataStackManager.swift */; };
		CE1455B01C0C931600309B49 /* ImageCache.swift in Sources */ = {isa = PBXBuildFile; fileRef = CE1455AF1C0C931500309B49 /* ImageCache.swift */; };
		CE1455B21C0CBE4700309B49 /* ImageDownloader.swift in Sources */ = {isa = PBXBuildFile; fileRef = CE1455B11C0CBE4700309B49 /* ImageDownloader.swift */; };
		CE1455B41C0CC38000309B49 /* Map.swift in Sources */ = {isa = PBXBuildFile; fileRef = CE1455B31C0CC38000309B49 /* Map.swift */; };
		CE2B2FB11C331EE1001966B2 /* Const.swift in Sources */ = {isa = PBXBuildFile; fileRef = CE2B2FB01C331EE1001966B2 /* Const.swift */; };
/* End PBXBuildFile section */

/* Begin PBXContainerItemProxy section */
		CE0809D41C0367AE00E427F4 /* PBXContainerItemProxy */ = {
			isa = PBXContainerItemProxy;
			containerPortal = CE0809B41C0367AE00E427F4 /* Project object */;
			proxyType = 1;
			remoteGlobalIDString = CE0809BB1C0367AE00E427F4;
			remoteInfo = VirtualTourist;
		};
		CE0809DF1C0367AF00E427F4 /* PBXContainerItemProxy */ = {
			isa = PBXContainerItemProxy;
			containerPortal = CE0809B41C0367AE00E427F4 /* Project object */;
			proxyType = 1;
			remoteGlobalIDString = CE0809BB1C0367AE00E427F4;
			remoteInfo = VirtualTourist;
		};
/* End PBXContainerItemProxy section */

/* Begin PBXFileReference section */
		CE0809BC1C0367AE00E427F4 /* VirtualTourist.app */ = {isa = PBXFileReference; explicitFileType = wrapper.application; includeInIndex = 0; path = VirtualTourist.app; sourceTree = BUILT_PRODUCTS_DIR; };
		CE0809BF1C0367AE00E427F4 /* AppDelegate.swift */ = {isa = PBXFileReference; lastKnownFileType = sourcecode.swift; path = AppDelegate.swift; sourceTree = "<group>"; };
		CE0809C11C0367AE00E427F4 /* TravelLocationsMapViewController.swift */ = {isa = PBXFileReference; lastKnownFileType = sourcecode.swift; path = TravelLocationsMapViewController.swift; sourceTree = "<group>"; };
		CE0809C41C0367AE00E427F4 /* Base */ = {isa = PBXFileReference; lastKnownFileType = file.storyboard; name = Base; path = Base.lproj/Main.storyboard; sourceTree = "<group>"; };
		CE0809C71C0367AE00E427F4 /* VirtualTourist.xcdatamodel */ = {isa = PBXFileReference; lastKnownFileType = wrapper.xcdatamodel; path = VirtualTourist.xcdatamodel; sourceTree = "<group>"; };
		CE0809C91C0367AE00E427F4 /* Assets.xcassets */ = {isa = PBXFileReference; lastKnownFileType = folder.assetcatalog; path = Assets.xcassets; sourceTree = "<group>"; };
		CE0809CC1C0367AE00E427F4 /* Base */ = {isa = PBXFileReference; lastKnownFileType = file.storyboard; name = Base; path = Base.lproj/LaunchScreen.storyboard; sourceTree = "<group>"; };
		CE0809CE1C0367AE00E427F4 /* Info.plist */ = {isa = PBXFileReference; lastKnownFileType = text.plist.xml; path = Info.plist; sourceTree = "<group>"; };
		CE0809D31C0367AE00E427F4 /* VirtualTouristTests.xctest */ = {isa = PBXFileReference; explicitFileType = wrapper.cfbundle; includeInIndex = 0; path = VirtualTouristTests.xctest; sourceTree = BUILT_PRODUCTS_DIR; };
		CE0809D71C0367AE00E427F4 /* VirtualTouristTests.swift */ = {isa = PBXFileReference; lastKnownFileType = sourcecode.swift; path = VirtualTouristTests.swift; sourceTree = "<group>"; };
		CE0809D91C0367AE00E427F4 /* Info.plist */ = {isa = PBXFileReference; lastKnownFileType = text.plist.xml; path = Info.plist; sourceTree = "<group>"; };
		CE0809DE1C0367AF00E427F4 /* VirtualTouristUITests.xctest */ = {isa = PBXFileReference; explicitFileType = wrapper.cfbundle; includeInIndex = 0; path = VirtualTouristUITests.xctest; sourceTree = BUILT_PRODUCTS_DIR; };
		CE0809E21C0367AF00E427F4 /* VirtualTouristUITests.swift */ = {isa = PBXFileReference; lastKnownFileType = sourcecode.swift; path = VirtualTouristUITests.swift; sourceTree = "<group>"; };
		CE0809E41C0367AF00E427F4 /* Info.plist */ = {isa = PBXFileReference; lastKnownFileType = text.plist.xml; path = Info.plist; sourceTree = "<group>"; };
		CE0809F01C036CF100E427F4 /* PhotoAlbumViewContoller.swift */ = {isa = PBXFileReference; fileEncoding = 4; lastKnownFileType = sourcecode.swift; path = PhotoAlbumViewContoller.swift; sourceTree = "<group>"; };
		CE0809F21C0B168200E427F4 /* WebClient.swift */ = {isa = PBXFileReference; fileEncoding = 4; lastKnownFileType = sourcecode.swift; path = WebClient.swift; sourceTree = "<group>"; };
		CE0809F41C0B177500E427F4 /* FlickrClient.swift */ = {isa = PBXFileReference; fileEncoding = 4; lastKnownFileType = sourcecode.swift; path = FlickrClient.swift; sourceTree = "<group>"; };
		CE0809F61C0B237E00E427F4 /* TestingHelper.swift */ = {isa = PBXFileReference; fileEncoding = 4; lastKnownFileType = sourcecode.swift; path = TestingHelper.swift; sourceTree = "<group>"; };
		CE0809F81C0B33C100E427F4 /* PhotoCollectionViewCell.swift */ = {isa = PBXFileReference; fileEncoding = 4; lastKnownFileType = sourcecode.swift; path = PhotoCollectionViewCell.swift; sourceTree = "<group>"; };
		CE1455A91C0B707E00309B49 /* Pin.swift */ = {isa = PBXFileReference; fileEncoding = 4; lastKnownFileType = sourcecode.swift; path = Pin.swift; sourceTree = "<group>"; };
		CE1455AB1C0B70AD00309B49 /* Photo.swift */ = {isa = PBXFileReference; fileEncoding = 4; lastKnownFileType = sourcecode.swift; path = Photo.swift; sourceTree = "<group>"; };
		CE1455AD1C0B7B9100309B49 /* CoreDataStackManager.swift */ = {isa = PBXFileReference; fileEncoding = 4; lastKnownFileType = sourcecode.swift; path = CoreDataStackManager.swift; sourceTree = "<group>"; };
		CE1455AF1C0C931500309B49 /* ImageCache.swift */ = {isa = PBXFileReference; fileEncoding = 4; lastKnownFileType = sourcecode.swift; path = ImageCache.swift; sourceTree = "<group>"; };
		CE1455B11C0CBE4700309B49 /* ImageDownloader.swift */ = {isa = PBXFileReference; fileEncoding = 4; lastKnownFileType = sourcecode.swift; path = ImageDownloader.swift; sourceTree = "<group>"; };
		CE1455B31C0CC38000309B49 /* Map.swift */ = {isa = PBXFileReference; fileEncoding = 4; lastKnownFileType = sourcecode.swift; path = Map.swift; sourceTree = "<group>"; };
		CE2B2FB01C331EE1001966B2 /* Const.swift */ = {isa = PBXFileReference; fileEncoding = 4; lastKnownFileType = sourcecode.swift; path = Const.swift; sourceTree = "<group>"; };
/* End PBXFileReference section */

/* Begin PBXFrameworksBuildPhase section */
		CE0809B91C0367AE00E427F4 /* Frameworks */ = {
			isa = PBXFrameworksBuildPhase;
			buildActionMask = 2147483647;
			files = (
			);
			runOnlyForDeploymentPostprocessing = 0;
		};
		CE0809D01C0367AE00E427F4 /* Frameworks */ = {
			isa = PBXFrameworksBuildPhase;
			buildActionMask = 2147483647;
			files = (
			);
			runOnlyForDeploymentPostprocessing = 0;
		};
		CE0809DB1C0367AF00E427F4 /* Frameworks */ = {
			isa = PBXFrameworksBuildPhase;
			buildActionMask = 2147483647;
			files = (
			);
			runOnlyForDeploymentPostprocessing = 0;
		};
/* End PBXFrameworksBuildPhase section */

/* Begin PBXGroup section */
		CE0809B31C0367AE00E427F4 = {
			isa = PBXGroup;
			children = (
				CE0809BE1C0367AE00E427F4 /* VirtualTourist */,
				CE0809D61C0367AE00E427F4 /* VirtualTouristTests */,
				CE0809E11C0367AF00E427F4 /* VirtualTouristUITests */,
				CE0809BD1C0367AE00E427F4 /* Products */,
			);
			sourceTree = "<group>";
		};
		CE0809BD1C0367AE00E427F4 /* Products */ = {
			isa = PBXGroup;
			children = (
				CE0809BC1C0367AE00E427F4 /* VirtualTourist.app */,
				CE0809D31C0367AE00E427F4 /* VirtualTouristTests.xctest */,
				CE0809DE1C0367AF00E427F4 /* VirtualTouristUITests.xctest */,
			);
			name = Products;
			sourceTree = "<group>";
		};
		CE0809BE1C0367AE00E427F4 /* VirtualTourist */ = {
			isa = PBXGroup;
			children = (
				CE0809BF1C0367AE00E427F4 /* AppDelegate.swift */,
				CE0809C11C0367AE00E427F4 /* TravelLocationsMapViewController.swift */,
				CE0809F01C036CF100E427F4 /* PhotoAlbumViewContoller.swift */,
				CE0809F81C0B33C100E427F4 /* PhotoCollectionViewCell.swift */,
				CE0809F21C0B168200E427F4 /* WebClient.swift */,
				CE0809F41C0B177500E427F4 /* FlickrClient.swift */,
				CE2B2FB01C331EE1001966B2 /* Const.swift */,
				CE1455A91C0B707E00309B49 /* Pin.swift */,
				CE1455AB1C0B70AD00309B49 /* Photo.swift */,
				CE1455B31C0CC38000309B49 /* Map.swift */,
				CE1455AD1C0B7B9100309B49 /* CoreDataStackManager.swift */,
				CE1455AF1C0C931500309B49 /* ImageCache.swift */,
				CE1455B11C0CBE4700309B49 /* ImageDownloader.swift */,
				CE0809C31C0367AE00E427F4 /* Main.storyboard */,
				CE0809C91C0367AE00E427F4 /* Assets.xcassets */,
				CE0809CB1C0367AE00E427F4 /* LaunchScreen.storyboard */,
				CE0809CE1C0367AE00E427F4 /* Info.plist */,
				CE0809C61C0367AE00E427F4 /* VirtualTourist.xcdatamodeld */,
				CE0809F61C0B237E00E427F4 /* TestingHelper.swift */,
			);
			path = VirtualTourist;
			sourceTree = "<group>";
		};
		CE0809D61C0367AE00E427F4 /* VirtualTouristTests */ = {
			isa = PBXGroup;
			children = (
				CE0809D71C0367AE00E427F4 /* VirtualTouristTests.swift */,
				CE0809D91C0367AE00E427F4 /* Info.plist */,
			);
			path = VirtualTouristTests;
			sourceTree = "<group>";
		};
		CE0809E11C0367AF00E427F4 /* VirtualTouristUITests */ = {
			isa = PBXGroup;
			children = (
				CE0809E21C0367AF00E427F4 /* VirtualTouristUITests.swift */,
				CE0809E41C0367AF00E427F4 /* Info.plist */,
			);
			path = VirtualTouristUITests;
			sourceTree = "<group>";
		};
/* End PBXGroup section */

/* Begin PBXNativeTarget section */
		CE0809BB1C0367AE00E427F4 /* VirtualTourist */ = {
			isa = PBXNativeTarget;
			buildConfigurationList = CE0809E71C0367AF00E427F4 /* Build configuration list for PBXNativeTarget "VirtualTourist" */;
			buildPhases = (
				CE0809B81C0367AE00E427F4 /* Sources */,
				CE0809B91C0367AE00E427F4 /* Frameworks */,
				CE0809BA1C0367AE00E427F4 /* Resources */,
			);
			buildRules = (
			);
			dependencies = (
			);
			name = VirtualTourist;
			productName = VirtualTourist;
			productReference = CE0809BC1C0367AE00E427F4 /* VirtualTourist.app */;
			productType = "com.apple.product-type.application";
		};
		CE0809D21C0367AE00E427F4 /* VirtualTouristTests */ = {
			isa = PBXNativeTarget;
			buildConfigurationList = CE0809EA1C0367AF00E427F4 /* Build configuration list for PBXNativeTarget "VirtualTouristTests" */;
			buildPhases = (
				CE0809CF1C0367AE00E427F4 /* Sources */,
				CE0809D01C0367AE00E427F4 /* Frameworks */,
				CE0809D11C0367AE00E427F4 /* Resources */,
			);
			buildRules = (
			);
			dependencies = (
				CE0809D51C0367AE00E427F4 /* PBXTargetDependency */,
			);
			name = VirtualTouristTests;
			productName = VirtualTouristTests;
			productReference = CE0809D31C0367AE00E427F4 /* VirtualTouristTests.xctest */;
			productType = "com.apple.product-type.bundle.unit-test";
		};
		CE0809DD1C0367AF00E427F4 /* VirtualTouristUITests */ = {
			isa = PBXNativeTarget;
			buildConfigurationList = CE0809ED1C0367AF00E427F4 /* Build configuration list for PBXNativeTarget "VirtualTouristUITests" */;
			buildPhases = (
				CE0809DA1C0367AF00E427F4 /* Sources */,
				CE0809DB1C0367AF00E427F4 /* Frameworks */,
				CE0809DC1C0367AF00E427F4 /* Resources */,
			);
			buildRules = (
			);
			dependencies = (
				CE0809E01C0367AF00E427F4 /* PBXTargetDependency */,
			);
			name = VirtualTouristUITests;
			productName = VirtualTouristUITests;
			productReference = CE0809DE1C0367AF00E427F4 /* VirtualTouristUITests.xctest */;
			productType = "com.apple.product-type.bundle.ui-testing";
		};
/* End PBXNativeTarget section */

/* Begin PBXProject section */
		CE0809B41C0367AE00E427F4 /* Project object */ = {
			isa = PBXProject;
			attributes = {
				LastSwiftUpdateCheck = 0710;
				LastUpgradeCheck = 0710;
				ORGANIZATIONNAME = Udacity;
				TargetAttributes = {
					CE0809BB1C0367AE00E427F4 = {
						CreatedOnToolsVersion = 7.1;
						DevelopmentTeam = 72447Y9DVS;
					};
					CE0809D21C0367AE00E427F4 = {
						CreatedOnToolsVersion = 7.1;
						DevelopmentTeam = 72447Y9DVS;
						TestTargetID = CE0809BB1C0367AE00E427F4;
					};
					CE0809DD1C0367AF00E427F4 = {
						CreatedOnToolsVersion = 7.1;
						DevelopmentTeam = 72447Y9DVS;
						TestTargetID = CE0809BB1C0367AE00E427F4;
					};
				};
			};
			buildConfigurationList = CE0809B71C0367AE00E427F4 /* Build configuration list for PBXProject "VirtualTourist" */;
			compatibilityVersion = "Xcode 3.2";
			developmentRegion = English;
			hasScannedForEncodings = 0;
			knownRegions = (
				en,
				Base,
			);
			mainGroup = CE0809B31C0367AE00E427F4;
			productRefGroup = CE0809BD1C0367AE00E427F4 /* Products */;
			projectDirPath = "";
			projectRoot = "";
			targets = (
				CE0809BB1C0367AE00E427F4 /* VirtualTourist */,
				CE0809D21C0367AE00E427F4 /* VirtualTouristTests */,
				CE0809DD1C0367AF00E427F4 /* VirtualTouristUITests */,
			);
		};
/* End PBXProject section */

/* Begin PBXResourcesBuildPhase section */
		CE0809BA1C0367AE00E427F4 /* Resources */ = {
			isa = PBXResourcesBuildPhase;
			buildActionMask = 2147483647;
			files = (
				CE0809CD1C0367AE00E427F4 /* LaunchScreen.storyboard in Resources */,
				CE0809CA1C0367AE00E427F4 /* Assets.xcassets in Resources */,
				CE0809C51C0367AE00E427F4 /* Main.storyboard in Resources */,
			);
			runOnlyForDeploymentPostprocessing = 0;
		};
		CE0809D11C0367AE00E427F4 /* Resources */ = {
			isa = PBXResourcesBuildPhase;
			buildActionMask = 2147483647;
			files = (
			);
			runOnlyForDeploymentPostprocessing = 0;
		};
		CE0809DC1C0367AF00E427F4 /* Resources */ = {
			isa = PBXResourcesBuildPhase;
			buildActionMask = 2147483647;
			files = (
			);
			runOnlyForDeploymentPostprocessing = 0;
		};
/* End PBXResourcesBuildPhase section */

/* Begin PBXSourcesBuildPhase section */
		CE0809B81C0367AE00E427F4 /* Sources */ = {
			isa = PBXSourcesBuildPhase;
			buildActionMask = 2147483647;
			files = (
				CE0809F71C0B237E00E427F4 /* TestingHelper.swift in Sources */,
				CE0809F91C0B33C100E427F4 /* PhotoCollectionViewCell.swift in Sources */,
				CE1455B21C0CBE4700309B49 /* ImageDownloader.swift in Sources */,
				CE1455AE1C0B7B9100309B49 /* CoreDataStackManager.swift in Sources */,
				CE0809F11C036CF100E427F4 /* PhotoAlbumViewContoller.swift in Sources */,
				CE1455AA1C0B707E00309B49 /* Pin.swift in Sources */,
				CE1455AC1C0B70AD00309B49 /* Photo.swift in Sources */,
				CE1455B01C0C931600309B49 /* ImageCache.swift in Sources */,
				CE0809C21C0367AE00E427F4 /* TravelLocationsMapViewController.swift in Sources */,
				CE0809C01C0367AE00E427F4 /* AppDelegate.swift in Sources */,
				CE1455B41C0CC38000309B49 /* Map.swift in Sources */,
				CE0809F31C0B168200E427F4 /* WebClient.swift in Sources */,
				CE0809C81C0367AE00E427F4 /* VirtualTourist.xcdatamodeld in Sources */,
				CE0809F51C0B177500E427F4 /* FlickrClient.swift in Sources */,
				CE2B2FB11C331EE1001966B2 /* Const.swift in Sources */,
			);
			runOnlyForDeploymentPostprocessing = 0;
		};
		CE0809CF1C0367AE00E427F4 /* Sources */ = {
			isa = PBXSourcesBuildPhase;
			buildActionMask = 2147483647;
			files = (
				CE0809D81C0367AE00E427F4 /* VirtualTouristTests.swift in Sources */,
			);
			runOnlyForDeploymentPostprocessing = 0;
		};
		CE0809DA1C0367AF00E427F4 /* Sources */ = {
			isa = PBXSourcesBuildPhase;
			buildActionMask = 2147483647;
			files = (
				CE0809E31C0367AF00E427F4 /* VirtualTouristUITests.swift in Sources */,
			);
			runOnlyForDeploymentPostprocessing = 0;
		};
/* End PBXSourcesBuildPhase section */

/* Begin PBXTargetDependency section */
		CE0809D51C0367AE00E427F4 /* PBXTargetDependency */ = {
			isa = PBXTargetDependency;
			target = CE0809BB1C0367AE00E427F4 /* VirtualTourist */;
			targetProxy = CE0809D41C0367AE00E427F4 /* PBXContainerItemProxy */;
		};
		CE0809E01C0367AF00E427F4 /* PBXTargetDependency */ = {
			isa = PBXTargetDependency;
			target = CE0809BB1C0367AE00E427F4 /* VirtualTourist */;
			targetProxy = CE0809DF1C0367AF00E427F4 /* PBXContainerItemProxy */;
		};
/* End PBXTargetDependency section */

/* Begin PBXVariantGroup section */
		CE0809C31C0367AE00E427F4 /* Main.storyboard */ = {
			isa = PBXVariantGroup;
			children = (
				CE0809C41C0367AE00E427F4 /* Base */,
			);
			name = Main.storyboard;
			sourceTree = "<group>";
		};
		CE0809CB1C0367AE00E427F4 /* LaunchScreen.storyboard */ = {
			isa = PBXVariantGroup;
			children = (
				CE0809CC1C0367AE00E427F4 /* Base */,
			);
			name = LaunchScreen.storyboard;
			sourceTree = "<group>";
		};
/* End PBXVariantGroup section */

/* Begin XCBuildConfiguration section */
		CE0809E51C0367AF00E427F4 /* Debug */ = {
			isa = XCBuildConfiguration;
			buildSettings = {
				ALWAYS_SEARCH_USER_PATHS = NO;
				CLANG_CXX_LANGUAGE_STANDARD = "gnu++0x";
				CLANG_CXX_LIBRARY = "libc++";
				CLANG_ENABLE_MODULES = YES;
				CLANG_ENABLE_OBJC_ARC = YES;
				CLANG_WARN_BOOL_CONVERSION = YES;
				CLANG_WARN_CONSTANT_CONVERSION = YES;
				CLANG_WARN_DIRECT_OBJC_ISA_USAGE = YES_ERROR;
				CLANG_WARN_EMPTY_BODY = YES;
				CLANG_WARN_ENUM_CONVERSION = YES;
				CLANG_WARN_INT_CONVERSION = YES;
				CLANG_WARN_OBJC_ROOT_CLASS = YES_ERROR;
				CLANG_WARN_UNREACHABLE_CODE = YES;
				CLANG_WARN__DUPLICATE_METHOD_MATCH = YES;
				"CODE_SIGN_IDENTITY[sdk=iphoneos*]" = "iPhone Developer";
				COPY_PHASE_STRIP = NO;
				DEBUG_INFORMATION_FORMAT = dwarf;
				ENABLE_STRICT_OBJC_MSGSEND = YES;
				ENABLE_TESTABILITY = YES;
				GCC_C_LANGUAGE_STANDARD = gnu99;
				GCC_DYNAMIC_NO_PIC = NO;
				GCC_NO_COMMON_BLOCKS = YES;
				GCC_OPTIMIZATION_LEVEL = 0;
				GCC_PREPROCESSOR_DEFINITIONS = (
					"DEBUG=1",
					"$(inherited)",
				);
				GCC_WARN_64_TO_32_BIT_CONVERSION = YES;
				GCC_WARN_ABOUT_RETURN_TYPE = YES_ERROR;
				GCC_WARN_UNDECLARED_SELECTOR = YES;
				GCC_WARN_UNINITIALIZED_AUTOS = YES_AGGRESSIVE;
				GCC_WARN_UNUSED_FUNCTION = YES;
				GCC_WARN_UNUSED_VARIABLE = YES;
				IPHONEOS_DEPLOYMENT_TARGET = 9.1;
				MTL_ENABLE_DEBUG_INFO = YES;
				ONLY_ACTIVE_ARCH = YES;
				SDKROOT = iphoneos;
				SWIFT_OPTIMIZATION_LEVEL = "-Onone";
			};
			name = Debug;
		};
		CE0809E61C0367AF00E427F4 /* Release */ = {
			isa = XCBuildConfiguration;
			buildSettings = {
				ALWAYS_SEARCH_USER_PATHS = NO;
				CLANG_CXX_LANGUAGE_STANDARD = "gnu++0x";
				CLANG_CXX_LIBRARY = "libc++";
				CLANG_ENABLE_MODULES = YES;
				CLANG_ENABLE_OBJC_ARC = YES;
				CLANG_WARN_BOOL_CONVERSION = YES;
				CLANG_WARN_CONSTANT_CONVERSION = YES;
				CLANG_WARN_DIRECT_OBJC_ISA_USAGE = YES_ERROR;
				CLANG_WARN_EMPTY_BODY = YES;
				CLANG_WARN_ENUM_CONVERSION = YES;
				CLANG_WARN_INT_CONVERSION = YES;
				CLANG_WARN_OBJC_ROOT_CLASS = YES_ERROR;
				CLANG_WARN_UNREACHABLE_CODE = YES;
				CLANG_WARN__DUPLICATE_METHOD_MATCH = YES;
				"CODE_SIGN_IDENTITY[sdk=iphoneos*]" = "iPhone Developer";
				COPY_PHASE_STRIP = NO;
				DEBUG_INFORMATION_FORMAT = "dwarf-with-dsym";
				ENABLE_NS_ASSERTIONS = NO;
				ENABLE_STRICT_OBJC_MSGSEND = YES;
				GCC_C_LANGUAGE_STANDARD = gnu99;
				GCC_NO_COMMON_BLOCKS = YES;
				GCC_WARN_64_TO_32_BIT_CONVERSION = YES;
				GCC_WARN_ABOUT_RETURN_TYPE = YES_ERROR;
				GCC_WARN_UNDECLARED_SELECTOR = YES;
				GCC_WARN_UNINITIALIZED_AUTOS = YES_AGGRESSIVE;
				GCC_WARN_UNUSED_FUNCTION = YES;
				GCC_WARN_UNUSED_VARIABLE = YES;
				IPHONEOS_DEPLOYMENT_TARGET = 9.1;
				MTL_ENABLE_DEBUG_INFO = NO;
				SDKROOT = iphoneos;
				VALIDATE_PRODUCT = YES;
			};
			name = Release;
		};
		CE0809E81C0367AF00E427F4 /* Debug */ = {
			isa = XCBuildConfiguration;
			buildSettings = {
				ASSETCATALOG_COMPILER_APPICON_NAME = AppIcon;
				INFOPLIST_FILE = VirtualTourist/Info.plist;
				LD_RUNPATH_SEARCH_PATHS = "$(inherited) @executable_path/Frameworks";
				PRODUCT_BUNDLE_IDENTIFIER = com.udacity.VirtualTourist;
				PRODUCT_NAME = "$(TARGET_NAME)";
			};
			name = Debug;
		};
		CE0809E91C0367AF00E427F4 /* Release */ = {
			isa = XCBuildConfiguration;
			buildSettings = {
				ASSETCATALOG_COMPILER_APPICON_NAME = AppIcon;
				INFOPLIST_FILE = VirtualTourist/Info.plist;
				LD_RUNPATH_SEARCH_PATHS = "$(inherited) @executable_path/Frameworks";
				PRODUCT_BUNDLE_IDENTIFIER = com.udacity.VirtualTourist;
				PRODUCT_NAME = "$(TARGET_NAME)";
			};
			name = Release;
		};
		CE0809EB1C0367AF00E427F4 /* Debug */ = {
			isa = XCBuildConfiguration;
			buildSettings = {
				BUNDLE_LOADER = "$(TEST_HOST)";
				INFOPLIST_FILE = VirtualTouristTests/Info.plist;
				LD_RUNPATH_SEARCH_PATHS = "$(inherited) @executable_path/Frameworks @loader_path/Frameworks";
				PRODUCT_BUNDLE_IDENTIFIER = com.udacity.VirtualTouristTests;
				PRODUCT_NAME = "$(TARGET_NAME)";
				TEST_HOST = "$(BUILT_PRODUCTS_DIR)/VirtualTourist.app/VirtualTourist";
			};
			name = Debug;
		};
		CE0809EC1C0367AF00E427F4 /* Release */ = {
			isa = XCBuildConfiguration;
			buildSettings = {
				BUNDLE_LOADER = "$(TEST_HOST)";
				INFOPLIST_FILE = VirtualTouristTests/Info.plist;
				LD_RUNPATH_SEARCH_PATHS = "$(inherited) @executable_path/Frameworks @loader_path/Frameworks";
				PRODUCT_BUNDLE_IDENTIFIER = com.udacity.VirtualTouristTests;
				PRODUCT_NAME = "$(TARGET_NAME)";
				TEST_HOST = "$(BUILT_PRODUCTS_DIR)/VirtualTourist.app/VirtualTourist";
			};
			name = Release;
		};
		CE0809EE1C0367AF00E427F4 /* Debug */ = {
			isa = XCBuildConfiguration;
			buildSettings = {
				INFOPLIST_FILE = VirtualTouristUITests/Info.plist;
				LD_RUNPATH_SEARCH_PATHS = "$(inherited) @executable_path/Frameworks @loader_path/Frameworks";
				PRODUCT_BUNDLE_IDENTIFIER = com.udacity.VirtualTouristUITests;
				PRODUCT_NAME = "$(TARGET_NAME)";
				TEST_TARGET_NAME = VirtualTourist;
				USES_XCTRUNNER = YES;
			};
			name = Debug;
		};
		CE0809EF1C0367AF00E427F4 /* Release */ = {
			isa = XCBuildConfiguration;
			buildSettings = {
				INFOPLIST_FILE = VirtualTouristUITests/Info.plist;
				LD_RUNPATH_SEARCH_PATHS = "$(inherited) @executable_path/Frameworks @loader_path/Frameworks";
				PRODUCT_BUNDLE_IDENTIFIER = com.udacity.VirtualTouristUITests;
				PRODUCT_NAME = "$(TARGET_NAME)";
				TEST_TARGET_NAME = VirtualTourist;
				USES_XCTRUNNER = YES;
			};
			name = Release;
		};
/* End XCBuildConfiguration section */

/* Begin XCConfigurationList section */
		CE0809B71C0367AE00E427F4 /* Build configuration list for PBXProject "VirtualTourist" */ = {
			isa = XCConfigurationList;
			buildConfigurations = (
				CE0809E51C0367AF00E427F4 /* Debug */,
				CE0809E61C0367AF00E427F4 /* Release */,
			);
			defaultConfigurationIsVisible = 0;
			defaultConfigurationName = Release;
		};
		CE0809E71C0367AF00E427F4 /* Build configuration list for PBXNativeTarget "VirtualTourist" */ = {
			isa = XCConfigurationList;
			buildConfigurations = (
				CE0809E81C0367AF00E427F4 /* Debug */,
				CE0809E91C0367AF00E427F4 /* Release */,
			);
			defaultConfigurationIsVisible = 0;
			defaultConfigurationName = Release;
		};
		CE0809EA1C0367AF00E427F4 /* Build configuration list for PBXNativeTarget "VirtualTouristTests" */ = {
			isa = XCConfigurationList;
			buildConfigurations = (
				CE0809EB1C0367AF00E427F4 /* Debug */,
				CE0809EC1C0367AF00E427F4 /* Release */,
			);
			defaultConfigurationIsVisible = 0;
			defaultConfigurationName = Release;
		};
		CE0809ED1C0367AF00E427F4 /* Build configuration list for PBXNativeTarget "VirtualTouristUITests" */ = {
			isa = XCConfigurationList;
			buildConfigurations = (
				CE0809EE1C0367AF00E427F4 /* Debug */,
				CE0809EF1C0367AF00E427F4 /* Release */,
			);
			defaultConfigurationIsVisible = 0;
			defaultConfigurationName = Release;
		};
/* End XCConfigurationList section */

/* Begin XCVersionGroup section */
		CE0809C61C0367AE00E427F4 /* VirtualTourist.xcdatamodeld */ = {
			isa = XCVersionGroup;
			children = (
				CE0809C71C0367AE00E427F4 /* VirtualTourist.xcdatamodel */,
			);
			currentVersion = CE0809C71C0367AE00E427F4 /* VirtualTourist.xcdatamodel */;
			path = VirtualTourist.xcdatamodeld;
			sourceTree = "<group>";
			versionGroupType = wrapper.xcdatamodel;
		};
/* End XCVersionGroup section */
	};
	rootObject = CE0809B41C0367AE00E427F4 /* Project object */;
}
